
Microsoft Visual Studio Solution File, Format Version 12.00
# Visual Studio Version 16
VisualStudioVersion = 16.0.29519.181
MinimumVisualStudioVersion = 10.0.40219.1
Project("{FAE04EC0-301F-11D3-BF4B-00C04F79EFBC}") = "hvfor", "hvfor\hvfor.csproj", "{D5BC116E-D28F-4254-8CC1-825B92C46CE6}"
EndProject
Global
	GlobalSection(SolutionConfigurationPlatforms) = preSolution
		Debug|Any CPU = Debug|Any CPU
		Release|Any CPU = Release|Any CPU
	EndGlobalSection
	GlobalSection(ProjectConfigurationPlatforms) = postSolution
		{D5BC116E-D28F-4254-8CC1-825B92C46CE6}.Debug|Any CPU.ActiveCfg = Debug|Any CPU
		{D5BC116E-D28F-4254-8CC1-825B92C46CE6}.Debug|Any CPU.Build.0 = Debug|Any CPU
		{D5BC116E-D28F-4254-8CC1-825B92C46CE6}.Release|Any CPU.ActiveCfg = Release|Any CPU
		{D5BC116E-D28F-4254-8CC1-825B92C46CE6}.Release|Any CPU.Build.0 = Release|Any CPU
	EndGlobalSection
	GlobalSection(SolutionProperties) = preSolution
		HideSolutionNode = FALSE
	EndGlobalSection
	GlobalSection(ExtensibilityGlobals) = postSolution
		SolutionGuid = {0D933B34-C787-4C23-AA93-8A9A10CC0A31}
	EndGlobalSection
EndGlobal
